
Microsoft Visual Studio Solution File, Format Version 12.00
# Visual Studio Version 17
VisualStudioVersion = 17.14.36401.2
MinimumVisualStudioVersion = 10.0.40219.1
Project("{FAE04EC0-301F-11D3-BF4B-00C04F79EFBC}") = "APIGetaway", "APIGetaway\APIGetaway.csproj", "{B97B0DE1-0726-4F02-9E6C-DD6C1199836A}"
EndProject
Global
	GlobalSection(SolutionConfigurationPlatforms) = preSolution
		Debug|Any CPU = Debug|Any CPU
		Release|Any CPU = Release|Any CPU
	EndGlobalSection
	GlobalSection(ProjectConfigurationPlatforms) = postSolution
		{B97B0DE1-0726-4F02-9E6C-DD6C1199836A}.Debug|Any CPU.ActiveCfg = Debug|Any CPU
		{B97B0DE1-0726-4F02-9E6C-DD6C1199836A}.Debug|Any CPU.Build.0 = Debug|Any CPU
		{B97B0DE1-0726-4F02-9E6C-DD6C1199836A}.Release|Any CPU.ActiveCfg = Release|Any CPU
		{B97B0DE1-0726-4F02-9E6C-DD6C1199836A}.Release|Any CPU.Build.0 = Release|Any CPU
	EndGlobalSection
	GlobalSection(SolutionProperties) = preSolution
		HideSolutionNode = FALSE
	EndGlobalSection
	GlobalSection(ExtensibilityGlobals) = postSolution
		SolutionGuid = {1763E349-96E5-4FC4-8EA9-576D7F2A3885}
	EndGlobalSection
EndGlobal
